
Microsoft Visual Studio Solution File, Format Version 12.00
# Visual Studio Version 17
VisualStudioVersion = 17.10.34916.146
MinimumVisualStudioVersion = 10.0.40219.1
Project("{FAE04EC0-301F-11D3-BF4B-00C04F79EFBC}") = "cyber-protection", "cyber-protection.csproj", "{239A5579-6998-47B4-AEC3-DDC0B2FE4EDA}"
EndProject
Global
	GlobalSection(SolutionConfigurationPlatforms) = preSolution
		Debug|Any CPU = Debug|Any CPU
		Release|Any CPU = Release|Any CPU
	EndGlobalSection
	GlobalSection(ProjectConfigurationPlatforms) = postSolution
		{239A5579-6998-47B4-AEC3-DDC0B2FE4EDA}.Debug|Any CPU.ActiveCfg = Debug|Any CPU
		{239A5579-6998-47B4-AEC3-DDC0B2FE4EDA}.Debug|Any CPU.Build.0 = Debug|Any CPU
		{239A5579-6998-47B4-AEC3-DDC0B2FE4EDA}.Release|Any CPU.ActiveCfg = Release|Any CPU
		{239A5579-6998-47B4-AEC3-DDC0B2FE4EDA}.Release|Any CPU.Build.0 = Release|Any CPU
	EndGlobalSection
	GlobalSection(SolutionProperties) = preSolution
		HideSolutionNode = FALSE
	EndGlobalSection
	GlobalSection(ExtensibilityGlobals) = postSolution
		SolutionGuid = {EA706F77-157B-4BBC-9414-0A0A04A5A514}
	EndGlobalSection
EndGlobal
